
Microsoft Visual Studio Solution File, Format Version 12.00
# Visual Studio Version 17
VisualStudioVersion = 17.7.34024.191
MinimumVisualStudioVersion = 10.0.40219.1
Project("{8BC9CEB8-8B4A-11D0-8D11-00A0C91BC942}") = "HW --- 22.09", "HW --- 22.09\HW --- 22.09.vcxproj", "{BE2411C2-EE96-410F-9E18-C9FED9B4A29B}"
EndProject
Global
	GlobalSection(SolutionConfigurationPlatforms) = preSolution
		Debug|x64 = Debug|x64
		Debug|x86 = Debug|x86
		Release|x64 = Release|x64
		Release|x86 = Release|x86
	EndGlobalSection
	GlobalSection(ProjectConfigurationPlatforms) = postSolution
		{BE2411C2-EE96-410F-9E18-C9FED9B4A29B}.Debug|x64.ActiveCfg = Debug|x64
		{BE2411C2-EE96-410F-9E18-C9FED9B4A29B}.Debug|x64.Build.0 = Debug|x64
		{BE2411C2-EE96-410F-9E18-C9FED9B4A29B}.Debug|x86.ActiveCfg = Debug|Win32
		{BE2411C2-EE96-410F-9E18-C9FED9B4A29B}.Debug|x86.Build.0 = Debug|Win32
		{BE2411C2-EE96-410F-9E18-C9FED9B4A29B}.Release|x64.ActiveCfg = Release|x64
		{BE2411C2-EE96-410F-9E18-C9FED9B4A29B}.Release|x64.Build.0 = Release|x64
		{BE2411C2-EE96-410F-9E18-C9FED9B4A29B}.Release|x86.ActiveCfg = Release|Win32
		{BE2411C2-EE96-410F-9E18-C9FED9B4A29B}.Release|x86.Build.0 = Release|Win32
	EndGlobalSection
	GlobalSection(SolutionProperties) = preSolution
		HideSolutionNode = FALSE
	EndGlobalSection
	GlobalSection(ExtensibilityGlobals) = postSolution
		SolutionGuid = {7E0D4A98-11F2-4C0F-8DBE-2F3B0F2459A5}
	EndGlobalSection
EndGlobal
